
Microsoft Visual Studio Solution File, Format Version 12.00
# Visual Studio 2012
Project("{FAE04EC0-301F-11D3-BF4B-00C04F79EFBC}") = "GameEngine.Common", "GameEngine.Common\GameEngine.Common.csproj", "{314FB35C-C6E0-464B-A2DF-87393957D406}"
EndProject
Project("{FAE04EC0-301F-11D3-BF4B-00C04F79EFBC}") = "GameEngine.Core", "GameEngine.Core\GameEngine.Core.csproj", "{EF509B71-BF13-47C6-8B8B-6AB964F5B793}"
EndProject
Project("{FAE04EC0-301F-11D3-BF4B-00C04F79EFBC}") = "GameEngine.Logic", "GameEngine.Logic\GameEngine.Logic.csproj", "{108FB7DF-4C61-4738-B8ED-2CCF9F880ABD}"
EndProject
Global
	GlobalSection(SolutionConfigurationPlatforms) = preSolution
		Debug|Any CPU = Debug|Any CPU
		Release|Any CPU = Release|Any CPU
	EndGlobalSection
	GlobalSection(ProjectConfigurationPlatforms) = postSolution
		{314FB35C-C6E0-464B-A2DF-87393957D406}.Debug|Any CPU.ActiveCfg = Debug|Any CPU
		{314FB35C-C6E0-464B-A2DF-87393957D406}.Debug|Any CPU.Build.0 = Debug|Any CPU
		{314FB35C-C6E0-464B-A2DF-87393957D406}.Release|Any CPU.ActiveCfg = Release|Any CPU
		{314FB35C-C6E0-464B-A2DF-87393957D406}.Release|Any CPU.Build.0 = Release|Any CPU
		{EF509B71-BF13-47C6-8B8B-6AB964F5B793}.Debug|Any CPU.ActiveCfg = Debug|Any CPU
		{EF509B71-BF13-47C6-8B8B-6AB964F5B793}.Debug|Any CPU.Build.0 = Debug|Any CPU
		{EF509B71-BF13-47C6-8B8B-6AB964F5B793}.Release|Any CPU.ActiveCfg = Release|Any CPU
		{EF509B71-BF13-47C6-8B8B-6AB964F5B793}.Release|Any CPU.Build.0 = Release|Any CPU
		{108FB7DF-4C61-4738-B8ED-2CCF9F880ABD}.Debug|Any CPU.ActiveCfg = Debug|Any CPU
		{108FB7DF-4C61-4738-B8ED-2CCF9F880ABD}.Debug|Any CPU.Build.0 = Debug|Any CPU
		{108FB7DF-4C61-4738-B8ED-2CCF9F880ABD}.Release|Any CPU.ActiveCfg = Release|Any CPU
		{108FB7DF-4C61-4738-B8ED-2CCF9F880ABD}.Release|Any CPU.Build.0 = Release|Any CPU
	EndGlobalSection
	GlobalSection(SolutionProperties) = preSolution
		HideSolutionNode = FALSE
	EndGlobalSection
EndGlobal
